
Microsoft Visual Studio Solution File, Format Version 12.00
# Visual Studio Version 17
VisualStudioVersion = 17.0.31903.59
MinimumVisualStudioVersion = 10.0.40219.1
Project("{FAE04EC0-301F-11D3-BF4B-00C04F79EFBC}") = "Day01", "Day01\Day01.csproj", "{64C9001B-C2FC-4B9D-B9B8-DFBF874370FF}"
EndProject
Project("{FAE04EC0-301F-11D3-BF4B-00C04F79EFBC}") = "UnitTests", "UnitTests\UnitTests.csproj", "{912CE721-772C-4E73-AE5B-22D2986C7DF9}"
EndProject
Project("{FAE04EC0-301F-11D3-BF4B-00C04F79EFBC}") = "Day02", "Day02\Day02.csproj", "{5B7FEE91-A46D-4CD4-9BE7-ED7D0F7313B0}"
EndProject
Project("{FAE04EC0-301F-11D3-BF4B-00C04F79EFBC}") = "Day03", "Day03\Day03.csproj", "{B8F3C6E4-9FF5-4762-9D38-1E25FA809634}"
EndProject
Project("{FAE04EC0-301F-11D3-BF4B-00C04F79EFBC}") = "Day04", "Day04\Day04.csproj", "{2F3D4C2A-7AEA-431B-9982-DE81FD4EFD02}"
EndProject
Project("{FAE04EC0-301F-11D3-BF4B-00C04F79EFBC}") = "AocShared", "AocShared\AocShared.csproj", "{94BE3FC8-4C89-45DE-9BC5-BB683A37B30F}"
EndProject
Project("{FAE04EC0-301F-11D3-BF4B-00C04F79EFBC}") = "Day05", "Day05\Day05.csproj", "{4392D3A1-B986-4762-A767-3EC18AB59DA5}"
EndProject
Project("{FAE04EC0-301F-11D3-BF4B-00C04F79EFBC}") = "Day06", "Day06\Day06.csproj", "{760227F8-0298-46A6-BBCE-A31038CF9BDD}"
EndProject
Project("{FAE04EC0-301F-11D3-BF4B-00C04F79EFBC}") = "Day07", "Day07\Day07.csproj", "{DD1C4876-C7BE-4546-B8A2-EE4225A679EC}"
EndProject
Project("{FAE04EC0-301F-11D3-BF4B-00C04F79EFBC}") = "Day08", "Day08\Day08.csproj", "{A6532740-A5B6-496F-A3D1-94834158F36E}"
EndProject
Project("{FAE04EC0-301F-11D3-BF4B-00C04F79EFBC}") = "Day09", "Day09\Day09.csproj", "{A32E8AE0-C3EF-4F33-A007-D1B9666D1DB9}"
EndProject
Project("{FAE04EC0-301F-11D3-BF4B-00C04F79EFBC}") = "Day10", "Day10\Day10.csproj", "{B992D465-22F9-474B-8DA3-C76DC66FEBC6}"
EndProject
Project("{FAE04EC0-301F-11D3-BF4B-00C04F79EFBC}") = "Day11", "Day11\Day11.csproj", "{44771763-E347-4639-B523-6878FB1561D2}"
EndProject
Global
	GlobalSection(SolutionConfigurationPlatforms) = preSolution
		Debug|Any CPU = Debug|Any CPU
		Release|Any CPU = Release|Any CPU
	EndGlobalSection
	GlobalSection(SolutionProperties) = preSolution
		HideSolutionNode = FALSE
	EndGlobalSection
	GlobalSection(ProjectConfigurationPlatforms) = postSolution
		{64C9001B-C2FC-4B9D-B9B8-DFBF874370FF}.Debug|Any CPU.ActiveCfg = Debug|Any CPU
		{64C9001B-C2FC-4B9D-B9B8-DFBF874370FF}.Debug|Any CPU.Build.0 = Debug|Any CPU
		{64C9001B-C2FC-4B9D-B9B8-DFBF874370FF}.Release|Any CPU.ActiveCfg = Release|Any CPU
		{64C9001B-C2FC-4B9D-B9B8-DFBF874370FF}.Release|Any CPU.Build.0 = Release|Any CPU
		{912CE721-772C-4E73-AE5B-22D2986C7DF9}.Debug|Any CPU.ActiveCfg = Debug|Any CPU
		{912CE721-772C-4E73-AE5B-22D2986C7DF9}.Debug|Any CPU.Build.0 = Debug|Any CPU
		{912CE721-772C-4E73-AE5B-22D2986C7DF9}.Release|Any CPU.ActiveCfg = Release|Any CPU
		{912CE721-772C-4E73-AE5B-22D2986C7DF9}.Release|Any CPU.Build.0 = Release|Any CPU
		{5B7FEE91-A46D-4CD4-9BE7-ED7D0F7313B0}.Debug|Any CPU.ActiveCfg = Debug|Any CPU
		{5B7FEE91-A46D-4CD4-9BE7-ED7D0F7313B0}.Debug|Any CPU.Build.0 = Debug|Any CPU
		{5B7FEE91-A46D-4CD4-9BE7-ED7D0F7313B0}.Release|Any CPU.ActiveCfg = Release|Any CPU
		{5B7FEE91-A46D-4CD4-9BE7-ED7D0F7313B0}.Release|Any CPU.Build.0 = Release|Any CPU
		{B8F3C6E4-9FF5-4762-9D38-1E25FA809634}.Debug|Any CPU.ActiveCfg = Debug|Any CPU
		{B8F3C6E4-9FF5-4762-9D38-1E25FA809634}.Debug|Any CPU.Build.0 = Debug|Any CPU
		{B8F3C6E4-9FF5-4762-9D38-1E25FA809634}.Release|Any CPU.ActiveCfg = Release|Any CPU
		{B8F3C6E4-9FF5-4762-9D38-1E25FA809634}.Release|Any CPU.Build.0 = Release|Any CPU
		{2F3D4C2A-7AEA-431B-9982-DE81FD4EFD02}.Debug|Any CPU.ActiveCfg = Debug|Any CPU
		{2F3D4C2A-7AEA-431B-9982-DE81FD4EFD02}.Debug|Any CPU.Build.0 = Debug|Any CPU
		{2F3D4C2A-7AEA-431B-9982-DE81FD4EFD02}.Release|Any CPU.ActiveCfg = Release|Any CPU
		{2F3D4C2A-7AEA-431B-9982-DE81FD4EFD02}.Release|Any CPU.Build.0 = Release|Any CPU
		{94BE3FC8-4C89-45DE-9BC5-BB683A37B30F}.Debug|Any CPU.ActiveCfg = Debug|Any CPU
		{94BE3FC8-4C89-45DE-9BC5-BB683A37B30F}.Debug|Any CPU.Build.0 = Debug|Any CPU
		{94BE3FC8-4C89-45DE-9BC5-BB683A37B30F}.Release|Any CPU.ActiveCfg = Release|Any CPU
		{94BE3FC8-4C89-45DE-9BC5-BB683A37B30F}.Release|Any CPU.Build.0 = Release|Any CPU
		{4392D3A1-B986-4762-A767-3EC18AB59DA5}.Debug|Any CPU.ActiveCfg = Debug|Any CPU
		{4392D3A1-B986-4762-A767-3EC18AB59DA5}.Debug|Any CPU.Build.0 = Debug|Any CPU
		{4392D3A1-B986-4762-A767-3EC18AB59DA5}.Release|Any CPU.ActiveCfg = Release|Any CPU
		{4392D3A1-B986-4762-A767-3EC18AB59DA5}.Release|Any CPU.Build.0 = Release|Any CPU
		{760227F8-0298-46A6-BBCE-A31038CF9BDD}.Debug|Any CPU.ActiveCfg = Debug|Any CPU
		{760227F8-0298-46A6-BBCE-A31038CF9BDD}.Debug|Any CPU.Build.0 = Debug|Any CPU
		{760227F8-0298-46A6-BBCE-A31038CF9BDD}.Release|Any CPU.ActiveCfg = Release|Any CPU
		{760227F8-0298-46A6-BBCE-A31038CF9BDD}.Release|Any CPU.Build.0 = Release|Any CPU
		{DD1C4876-C7BE-4546-B8A2-EE4225A679EC}.Debug|Any CPU.ActiveCfg = Debug|Any CPU
		{DD1C4876-C7BE-4546-B8A2-EE4225A679EC}.Debug|Any CPU.Build.0 = Debug|Any CPU
		{DD1C4876-C7BE-4546-B8A2-EE4225A679EC}.Release|Any CPU.ActiveCfg = Release|Any CPU
		{DD1C4876-C7BE-4546-B8A2-EE4225A679EC}.Release|Any CPU.Build.0 = Release|Any CPU
		{A6532740-A5B6-496F-A3D1-94834158F36E}.Debug|Any CPU.ActiveCfg = Debug|Any CPU
		{A6532740-A5B6-496F-A3D1-94834158F36E}.Debug|Any CPU.Build.0 = Debug|Any CPU
		{A6532740-A5B6-496F-A3D1-94834158F36E}.Release|Any CPU.ActiveCfg = Release|Any CPU
		{A6532740-A5B6-496F-A3D1-94834158F36E}.Release|Any CPU.Build.0 = Release|Any CPU
		{A32E8AE0-C3EF-4F33-A007-D1B9666D1DB9}.Debug|Any CPU.ActiveCfg = Debug|Any CPU
		{A32E8AE0-C3EF-4F33-A007-D1B9666D1DB9}.Debug|Any CPU.Build.0 = Debug|Any CPU
		{A32E8AE0-C3EF-4F33-A007-D1B9666D1DB9}.Release|Any CPU.ActiveCfg = Release|Any CPU
		{A32E8AE0-C3EF-4F33-A007-D1B9666D1DB9}.Release|Any CPU.Build.0 = Release|Any CPU
		{B992D465-22F9-474B-8DA3-C76DC66FEBC6}.Debug|Any CPU.ActiveCfg = Debug|Any CPU
		{B992D465-22F9-474B-8DA3-C76DC66FEBC6}.Debug|Any CPU.Build.0 = Debug|Any CPU
		{B992D465-22F9-474B-8DA3-C76DC66FEBC6}.Release|Any CPU.ActiveCfg = Release|Any CPU
		{B992D465-22F9-474B-8DA3-C76DC66FEBC6}.Release|Any CPU.Build.0 = Release|Any CPU
		{44771763-E347-4639-B523-6878FB1561D2}.Debug|Any CPU.ActiveCfg = Debug|Any CPU
		{44771763-E347-4639-B523-6878FB1561D2}.Debug|Any CPU.Build.0 = Debug|Any CPU
		{44771763-E347-4639-B523-6878FB1561D2}.Release|Any CPU.ActiveCfg = Release|Any CPU
		{44771763-E347-4639-B523-6878FB1561D2}.Release|Any CPU.Build.0 = Release|Any CPU
	EndGlobalSection
EndGlobal
