
Microsoft Visual Studio Solution File, Format Version 12.00
# Visual Studio Version 17
VisualStudioVersion = 17.0.31903.59
MinimumVisualStudioVersion = 10.0.40219.1
Project("{FAE04EC0-301F-11D3-BF4B-00C04F79EFBC}") = "Day1", "Day1\Day1.csproj", "{49307201-22C5-4403-BD75-41CD3DA52D00}"
EndProject
Project("{FAE04EC0-301F-11D3-BF4B-00C04F79EFBC}") = "Template", "Template\Template.csproj", "{D54701B0-0951-4091-B89C-9216A21ADF50}"
EndProject
Global
	GlobalSection(SolutionConfigurationPlatforms) = preSolution
		Debug|Any CPU = Debug|Any CPU
		Release|Any CPU = Release|Any CPU
	EndGlobalSection
	GlobalSection(SolutionProperties) = preSolution
		HideSolutionNode = FALSE
	EndGlobalSection
	GlobalSection(ProjectConfigurationPlatforms) = postSolution
		{49307201-22C5-4403-BD75-41CD3DA52D00}.Debug|Any CPU.ActiveCfg = Debug|Any CPU
		{49307201-22C5-4403-BD75-41CD3DA52D00}.Debug|Any CPU.Build.0 = Debug|Any CPU
		{49307201-22C5-4403-BD75-41CD3DA52D00}.Release|Any CPU.ActiveCfg = Release|Any CPU
		{49307201-22C5-4403-BD75-41CD3DA52D00}.Release|Any CPU.Build.0 = Release|Any CPU
		{D54701B0-0951-4091-B89C-9216A21ADF50}.Debug|Any CPU.ActiveCfg = Debug|Any CPU
		{D54701B0-0951-4091-B89C-9216A21ADF50}.Debug|Any CPU.Build.0 = Debug|Any CPU
		{D54701B0-0951-4091-B89C-9216A21ADF50}.Release|Any CPU.ActiveCfg = Release|Any CPU
		{D54701B0-0951-4091-B89C-9216A21ADF50}.Release|Any CPU.Build.0 = Release|Any CPU
	EndGlobalSection
EndGlobal
