
Microsoft Visual Studio Solution File, Format Version 12.00
# Visual Studio Version 17
VisualStudioVersion = 17.5.002.0
MinimumVisualStudioVersion = 10.0.40219.1
Project("{9A19103F-16F7-4668-BE54-9A1E7A4F7556}") = "Day03Davide", "Day03Davide.csproj", "{85831C17-5A00-4A47-8DBB-A7FC0AF512E5}"
EndProject
Global
	GlobalSection(SolutionConfigurationPlatforms) = preSolution
		Debug|Any CPU = Debug|Any CPU
		Release|Any CPU = Release|Any CPU
	EndGlobalSection
	GlobalSection(ProjectConfigurationPlatforms) = postSolution
		{85831C17-5A00-4A47-8DBB-A7FC0AF512E5}.Debug|Any CPU.ActiveCfg = Debug|Any CPU
		{85831C17-5A00-4A47-8DBB-A7FC0AF512E5}.Debug|Any CPU.Build.0 = Debug|Any CPU
		{85831C17-5A00-4A47-8DBB-A7FC0AF512E5}.Release|Any CPU.ActiveCfg = Release|Any CPU
		{85831C17-5A00-4A47-8DBB-A7FC0AF512E5}.Release|Any CPU.Build.0 = Release|Any CPU
	EndGlobalSection
	GlobalSection(SolutionProperties) = preSolution
		HideSolutionNode = FALSE
	EndGlobalSection
	GlobalSection(ExtensibilityGlobals) = postSolution
		SolutionGuid = {CC1EF14F-FE6D-4014-8086-59AD1B6B68BA}
	EndGlobalSection
EndGlobal
